
Microsoft Visual Studio Solution File, Format Version 12.00
# Visual Studio Version 16
VisualStudioVersion = 16.0.31911.196
MinimumVisualStudioVersion = 10.0.40219.1
Project("{FAE04EC0-301F-11D3-BF4B-00C04F79EFBC}") = "RTAInformationSystem", "RTAInformationSystem\RTAInformationSystem.csproj", "{D382847E-F01B-4AA5-9198-9A97619BBEDE}"
EndProject
Global
	GlobalSection(SolutionConfigurationPlatforms) = preSolution
		Debug|Any CPU = Debug|Any CPU
		Release|Any CPU = Release|Any CPU
	EndGlobalSection
	GlobalSection(ProjectConfigurationPlatforms) = postSolution
		{D382847E-F01B-4AA5-9198-9A97619BBEDE}.Debug|Any CPU.ActiveCfg = Debug|Any CPU
		{D382847E-F01B-4AA5-9198-9A97619BBEDE}.Debug|Any CPU.Build.0 = Debug|Any CPU
		{D382847E-F01B-4AA5-9198-9A97619BBEDE}.Release|Any CPU.ActiveCfg = Release|Any CPU
		{D382847E-F01B-4AA5-9198-9A97619BBEDE}.Release|Any CPU.Build.0 = Release|Any CPU
	EndGlobalSection
	GlobalSection(SolutionProperties) = preSolution
		HideSolutionNode = FALSE
	EndGlobalSection
	GlobalSection(ExtensibilityGlobals) = postSolution
		SolutionGuid = {CA7CEEDB-C4BB-4EE4-A4FC-A0DE9310EAC2}
	EndGlobalSection
EndGlobal
